
Microsoft Visual Studio Solution File, Format Version 12.00
# Visual Studio Version 17
VisualStudioVersion = 17.10.35122.118
MinimumVisualStudioVersion = 10.0.40219.1
Project("{9A19103F-16F7-4668-BE54-9A1E7A4F7556}") = "TelephoneCompanyApp.Domain", "TelephoneCompanyApp.Domain\TelephoneCompanyApp.Domain.csproj", "{6ED3B288-4312-4B8C-86FF-7FE4C7AD6446}"
EndProject
Project("{9A19103F-16F7-4668-BE54-9A1E7A4F7556}") = "TelephoneCompanyApp.Mvc", "TelephoneCompanyApp.Mvc\TelephoneCompanyApp.Mvc.csproj", "{486D4B51-4271-4563-A3E4-54FC0F329F65}"
EndProject
Global
	GlobalSection(SolutionConfigurationPlatforms) = preSolution
		Debug|Any CPU = Debug|Any CPU
		Release|Any CPU = Release|Any CPU
	EndGlobalSection
	GlobalSection(ProjectConfigurationPlatforms) = postSolution
		{6ED3B288-4312-4B8C-86FF-7FE4C7AD6446}.Debug|Any CPU.ActiveCfg = Debug|Any CPU
		{6ED3B288-4312-4B8C-86FF-7FE4C7AD6446}.Debug|Any CPU.Build.0 = Debug|Any CPU
		{6ED3B288-4312-4B8C-86FF-7FE4C7AD6446}.Release|Any CPU.ActiveCfg = Release|Any CPU
		{6ED3B288-4312-4B8C-86FF-7FE4C7AD6446}.Release|Any CPU.Build.0 = Release|Any CPU
		{486D4B51-4271-4563-A3E4-54FC0F329F65}.Debug|Any CPU.ActiveCfg = Debug|Any CPU
		{486D4B51-4271-4563-A3E4-54FC0F329F65}.Debug|Any CPU.Build.0 = Debug|Any CPU
		{486D4B51-4271-4563-A3E4-54FC0F329F65}.Release|Any CPU.ActiveCfg = Release|Any CPU
		{486D4B51-4271-4563-A3E4-54FC0F329F65}.Release|Any CPU.Build.0 = Release|Any CPU
	EndGlobalSection
	GlobalSection(SolutionProperties) = preSolution
		HideSolutionNode = FALSE
	EndGlobalSection
	GlobalSection(ExtensibilityGlobals) = postSolution
		SolutionGuid = {254C485C-B4D7-4768-B41D-72992F6C79E5}
	EndGlobalSection
EndGlobal
